
Microsoft Visual Studio Solution File, Format Version 12.00
# Visual Studio Version 17
VisualStudioVersion = 17.5.002.0
MinimumVisualStudioVersion = 10.0.40219.1
Project("{2150E333-8FDC-42A3-9474-1A3956D46DE8}") = "BACKEND", "BACKEND", "{EA8B2562-F3A7-4357-8DCB-81462EE7B458}"
EndProject
Project("{9A19103F-16F7-4668-BE54-9A1E7A4F7556}") = "BookProject.API", "BACKEND\bookproject.API\BookProject.API.csproj", "{7C7AADC1-F204-4FD0-A1F4-60CA55A0B9C7}"
EndProject
Global
	GlobalSection(SolutionConfigurationPlatforms) = preSolution
		Debug|Any CPU = Debug|Any CPU
		Release|Any CPU = Release|Any CPU
	EndGlobalSection
	GlobalSection(ProjectConfigurationPlatforms) = postSolution
		{7C7AADC1-F204-4FD0-A1F4-60CA55A0B9C7}.Debug|Any CPU.ActiveCfg = Debug|Any CPU
		{7C7AADC1-F204-4FD0-A1F4-60CA55A0B9C7}.Debug|Any CPU.Build.0 = Debug|Any CPU
		{7C7AADC1-F204-4FD0-A1F4-60CA55A0B9C7}.Release|Any CPU.ActiveCfg = Release|Any CPU
		{7C7AADC1-F204-4FD0-A1F4-60CA55A0B9C7}.Release|Any CPU.Build.0 = Release|Any CPU
	EndGlobalSection
	GlobalSection(SolutionProperties) = preSolution
		HideSolutionNode = FALSE
	EndGlobalSection
	GlobalSection(NestedProjects) = preSolution
		{7C7AADC1-F204-4FD0-A1F4-60CA55A0B9C7} = {EA8B2562-F3A7-4357-8DCB-81462EE7B458}
	EndGlobalSection
	GlobalSection(ExtensibilityGlobals) = postSolution
		SolutionGuid = {D208F228-3083-43CF-8B43-4DAB5A93C07C}
	EndGlobalSection
EndGlobal
